
Microsoft Visual Studio Solution File, Format Version 12.00
# Visual Studio Version 16
VisualStudioVersion = 16.0.29102.190
MinimumVisualStudioVersion = 10.0.40219.1
Project("{FAE04EC0-301F-11D3-BF4B-00C04F79EFBC}") = "Saving Private Earth", "Saving Private Earth.csproj", "{C68E22E8-695C-4A6B-9719-97E475B8565C}"
EndProject
Global
	GlobalSection(SolutionConfigurationPlatforms) = preSolution
		Debug|Any CPU = Debug|Any CPU
		Release|Any CPU = Release|Any CPU
	EndGlobalSection
	GlobalSection(ProjectConfigurationPlatforms) = postSolution
		{C68E22E8-695C-4A6B-9719-97E475B8565C}.Debug|Any CPU.ActiveCfg = Debug|Any CPU
		{C68E22E8-695C-4A6B-9719-97E475B8565C}.Debug|Any CPU.Build.0 = Debug|Any CPU
		{C68E22E8-695C-4A6B-9719-97E475B8565C}.Release|Any CPU.ActiveCfg = Release|Any CPU
		{C68E22E8-695C-4A6B-9719-97E475B8565C}.Release|Any CPU.Build.0 = Release|Any CPU
	EndGlobalSection
	GlobalSection(SolutionProperties) = preSolution
		HideSolutionNode = FALSE
	EndGlobalSection
	GlobalSection(ExtensibilityGlobals) = postSolution
		SolutionGuid = {646F3C6A-D5CB-42CE-BD80-2F6A8569FAED}
	EndGlobalSection
EndGlobal
